
Microsoft Visual Studio Solution File, Format Version 12.00
# Visual Studio Version 17
VisualStudioVersion = 17.2.32630.192
MinimumVisualStudioVersion = 10.0.40219.1
Project("{9A19103F-16F7-4668-BE54-9A1E7A4F7556}") = "GameSales", "GameSales\GameSales.csproj", "{F3A86CCA-4EBF-4B5E-A634-2F1B7A92310D}"
EndProject
Global
	GlobalSection(SolutionConfigurationPlatforms) = preSolution
		Debug|Any CPU = Debug|Any CPU
		Release|Any CPU = Release|Any CPU
	EndGlobalSection
	GlobalSection(ProjectConfigurationPlatforms) = postSolution
		{F3A86CCA-4EBF-4B5E-A634-2F1B7A92310D}.Debug|Any CPU.ActiveCfg = Debug|Any CPU
		{F3A86CCA-4EBF-4B5E-A634-2F1B7A92310D}.Debug|Any CPU.Build.0 = Debug|Any CPU
		{F3A86CCA-4EBF-4B5E-A634-2F1B7A92310D}.Release|Any CPU.ActiveCfg = Release|Any CPU
		{F3A86CCA-4EBF-4B5E-A634-2F1B7A92310D}.Release|Any CPU.Build.0 = Release|Any CPU
	EndGlobalSection
	GlobalSection(SolutionProperties) = preSolution
		HideSolutionNode = FALSE
	EndGlobalSection
	GlobalSection(ExtensibilityGlobals) = postSolution
		SolutionGuid = {2D7D9126-3BD3-4E1F-9A48-1894A9E21ABD}
	EndGlobalSection
EndGlobal
